
Microsoft Visual Studio Solution File, Format Version 12.00
# Visual Studio 2013
VisualStudioVersion = 12.0.30723.0
MinimumVisualStudioVersion = 10.0.40219.1
Project("{FAE04EC0-301F-11D3-BF4B-00C04F79EFBC}") = "TaskScheduler", "TaskScheduler\TaskScheduler.csproj", "{869FD58E-4902-49D0-8A88-81CD5858D9E7}"
EndProject
Project("{FAE04EC0-301F-11D3-BF4B-00C04F79EFBC}") = "TaskSchedulerToolkit", "TaskSchedulerToolkit\TaskSchedulerToolkit.csproj", "{BE5DB12E-CADC-4714-8349-99C9E101E7D6}"
EndProject
Global
	GlobalSection(SolutionConfigurationPlatforms) = preSolution
		Debug|Any CPU = Debug|Any CPU
		Release|Any CPU = Release|Any CPU
	EndGlobalSection
	GlobalSection(ProjectConfigurationPlatforms) = postSolution
		{869FD58E-4902-49D0-8A88-81CD5858D9E7}.Debug|Any CPU.ActiveCfg = Debug|Any CPU
		{869FD58E-4902-49D0-8A88-81CD5858D9E7}.Debug|Any CPU.Build.0 = Debug|Any CPU
		{869FD58E-4902-49D0-8A88-81CD5858D9E7}.Release|Any CPU.ActiveCfg = Release|Any CPU
		{869FD58E-4902-49D0-8A88-81CD5858D9E7}.Release|Any CPU.Build.0 = Release|Any CPU
		{BE5DB12E-CADC-4714-8349-99C9E101E7D6}.Debug|Any CPU.ActiveCfg = Debug|Any CPU
		{BE5DB12E-CADC-4714-8349-99C9E101E7D6}.Debug|Any CPU.Build.0 = Debug|Any CPU
		{BE5DB12E-CADC-4714-8349-99C9E101E7D6}.Release|Any CPU.ActiveCfg = Release|Any CPU
		{BE5DB12E-CADC-4714-8349-99C9E101E7D6}.Release|Any CPU.Build.0 = Release|Any CPU
	EndGlobalSection
	GlobalSection(SolutionProperties) = preSolution
		HideSolutionNode = FALSE
	EndGlobalSection
	GlobalSection(ExtensibilityGlobals) = postSolution
		EnterpriseLibraryConfigurationToolBinariesPath = packages\Unity.2.1.505.2\lib\NET35
	EndGlobalSection
EndGlobal
